{
  "requires": true,
  "lockfileVersion": 1,
  "dependencies": {
    "vue": {
      "version": "2.6.12",
      "resolved": "https://registry.npmjs.org/vue/-/vue-2.6.12.tgz",
      "integrity": "sha512-uhmLFETqPPNyuLLbsKz6ioJ4q7AZHzD8ZVFNATNyICSZouqP2Sz0rotWQC8UNBF6VGSCs5abnKJoStA6JbCbfg=="
    },
    "vue-web-cam": {
      "version": "1.9.0",
      "resolved": "https://registry.npmjs.org/vue-web-cam/-/vue-web-cam-1.9.0.tgz",
      "integrity": "sha512-AyEo8WWHpQGvMgWrxV6NFB6L6ojf85iTt8SeBokobYsr+Ev3qHKzR/L9C1aeW+lQ3+PSuRVUK9dVKHWkIiK+vA==",
      "requires": {
        "vue": "^2.6.10"
      }
    }
  }
}
